
Microsoft Visual Studio Solution File, Format Version 12.00
# Visual Studio Version 17
VisualStudioVersion = 17.3.32922.545
MinimumVisualStudioVersion = 10.0.40219.1
Project("{FAE04EC0-301F-11D3-BF4B-00C04F79EFBC}") = "OrderProcessingMVC", "OrderProcessingMVC.csproj", "{D63BE0E4-1073-453D-8565-3A55AE3B39FB}"
EndProject
Global
	GlobalSection(SolutionConfigurationPlatforms) = preSolution
		Debug|Any CPU = Debug|Any CPU
		Release|Any CPU = Release|Any CPU
	EndGlobalSection
	GlobalSection(ProjectConfigurationPlatforms) = postSolution
		{D63BE0E4-1073-453D-8565-3A55AE3B39FB}.Debug|Any CPU.ActiveCfg = Debug|Any CPU
		{D63BE0E4-1073-453D-8565-3A55AE3B39FB}.Debug|Any CPU.Build.0 = Debug|Any CPU
		{D63BE0E4-1073-453D-8565-3A55AE3B39FB}.Release|Any CPU.ActiveCfg = Release|Any CPU
		{D63BE0E4-1073-453D-8565-3A55AE3B39FB}.Release|Any CPU.Build.0 = Release|Any CPU
	EndGlobalSection
	GlobalSection(SolutionProperties) = preSolution
		HideSolutionNode = FALSE
	EndGlobalSection
	GlobalSection(ExtensibilityGlobals) = postSolution
		SolutionGuid = {72095DC6-E6BD-4825-A01C-78E720DBBFCC}
	EndGlobalSection
EndGlobal
